{
  "name": "jerseyman",
  "version": "1.0.0",
  "lockfileVersion": 1,
  "requires": true,
  "dependencies": {
    "formstone": {
      "version": "1.4.6",
      "resolved": "https://registry.npmjs.org/formstone/-/formstone-1.4.6.tgz",
      "integrity": "sha512-jT0waZP0t7xZAVN/szS6HAk/rAcyZ+2edpyo2r5UPsIt9fiqLVmPrPqInWW8gtRjXZEnHw3a9MtslmPBbz5qYw==",
      "dev": true,
      "requires": {
        "jquery": "3.3.1"
      }
    },
    "jquery": {
      "version": "3.3.1",
      "resolved": "https://registry.npmjs.org/jquery/-/jquery-3.3.1.tgz",
      "integrity": "sha512-Ubldcmxp5np52/ENotGxlLe6aGMvmF4R8S6tZjsP6Knsaxd/xp3Zrh50cG93lR6nPXyUFwzN3ZSOQI0wRJNdGg==",
      "dev": true
    }
  }
}
